{
  "name": "ajs-1",
  "version": "1.0.0",
  "lockfileVersion": 1,
  "requires": true,
  "dependencies": {
    "@annvasilyeva/ajs": {
      "version": "1.0.0",
      "resolved": "https://npm.pkg.github.com/download/@annvasilyeva/ajs/1.0.0/1a1322456105ea16fb633e87844f07b8e6b58e2453d01d6b3dcdbcc3df5c5e52",
      "integrity": "sha512-MW6icXz7yAu2O7lCA7FMz1OglpuiWxHpJcPvVY4pKAki5ppsdE/1+hh1sxIHzVrXC6r3vkZnnPHOmfXAd+5T5g=="
    }
  }
}
